
Microsoft Visual Studio Solution File, Format Version 12.00
# Visual Studio 14
VisualStudioVersion = 14.0.25420.1
MinimumVisualStudioVersion = 10.0.40219.1
Project("{FAE04EC0-301F-11D3-BF4B-00C04F79EFBC}") = "Web.eBado", "eBado\Web.eBado.csproj", "{1D760071-DE83-42BF-A985-FB6F8B3E36E7}"
EndProject
Project("{2150E333-8FDC-42A3-9474-1A3956D46DE8}") = "Web", "Web", "{98E490B1-4EDE-402A-9425-11E1354F6EEB}"
EndProject
Project("{2150E333-8FDC-42A3-9474-1A3956D46DE8}") = "Database", "Database", "{677F3341-E139-476B-8589-FB4C642EEF44}"
EndProject
Project("{FAE04EC0-301F-11D3-BF4B-00C04F79EFBC}") = "Database", "Database\Database.csproj", "{E8B322A5-E6A9-4C54-A5C5-61B08104CE7F}"
EndProject
Project("{2150E333-8FDC-42A3-9474-1A3956D46DE8}") = "Infrastructure", "Infrastructure", "{304A53A4-6012-44CB-8F31-1066B0749FF1}"
EndProject
Project("{FAE04EC0-301F-11D3-BF4B-00C04F79EFBC}") = "Infrastructure.Common", "Infrastructure.Common\Infrastructure.Common.csproj", "{C0F4027E-B71A-448E-9950-A27E5CE6D55C}"
EndProject
Project("{FAE04EC0-301F-11D3-BF4B-00C04F79EFBC}") = "Infrastructure.Common.DB", "Infrastructure.Common.DB\Infrastructure.Common.DB.csproj", "{6B3ADF23-F140-4A73-96F0-23F98F14F90F}"
EndProject
Global
	GlobalSection(SolutionConfigurationPlatforms) = preSolution
		Debug|Any CPU = Debug|Any CPU
		Release|Any CPU = Release|Any CPU
	EndGlobalSection
	GlobalSection(ProjectConfigurationPlatforms) = postSolution
		{1D760071-DE83-42BF-A985-FB6F8B3E36E7}.Debug|Any CPU.ActiveCfg = Debug|Any CPU
		{1D760071-DE83-42BF-A985-FB6F8B3E36E7}.Debug|Any CPU.Build.0 = Debug|Any CPU
		{1D760071-DE83-42BF-A985-FB6F8B3E36E7}.Release|Any CPU.ActiveCfg = Release|Any CPU
		{1D760071-DE83-42BF-A985-FB6F8B3E36E7}.Release|Any CPU.Build.0 = Release|Any CPU
		{E8B322A5-E6A9-4C54-A5C5-61B08104CE7F}.Debug|Any CPU.ActiveCfg = Debug|Any CPU
		{E8B322A5-E6A9-4C54-A5C5-61B08104CE7F}.Debug|Any CPU.Build.0 = Debug|Any CPU
		{E8B322A5-E6A9-4C54-A5C5-61B08104CE7F}.Release|Any CPU.ActiveCfg = Release|Any CPU
		{E8B322A5-E6A9-4C54-A5C5-61B08104CE7F}.Release|Any CPU.Build.0 = Release|Any CPU
		{C0F4027E-B71A-448E-9950-A27E5CE6D55C}.Debug|Any CPU.ActiveCfg = Debug|Any CPU
		{C0F4027E-B71A-448E-9950-A27E5CE6D55C}.Debug|Any CPU.Build.0 = Debug|Any CPU
		{C0F4027E-B71A-448E-9950-A27E5CE6D55C}.Release|Any CPU.ActiveCfg = Release|Any CPU
		{C0F4027E-B71A-448E-9950-A27E5CE6D55C}.Release|Any CPU.Build.0 = Release|Any CPU
		{6B3ADF23-F140-4A73-96F0-23F98F14F90F}.Debug|Any CPU.ActiveCfg = Debug|Any CPU
		{6B3ADF23-F140-4A73-96F0-23F98F14F90F}.Debug|Any CPU.Build.0 = Debug|Any CPU
		{6B3ADF23-F140-4A73-96F0-23F98F14F90F}.Release|Any CPU.ActiveCfg = Release|Any CPU
		{6B3ADF23-F140-4A73-96F0-23F98F14F90F}.Release|Any CPU.Build.0 = Release|Any CPU
	EndGlobalSection
	GlobalSection(SolutionProperties) = preSolution
		HideSolutionNode = FALSE
	EndGlobalSection
	GlobalSection(NestedProjects) = preSolution
		{1D760071-DE83-42BF-A985-FB6F8B3E36E7} = {98E490B1-4EDE-402A-9425-11E1354F6EEB}
		{E8B322A5-E6A9-4C54-A5C5-61B08104CE7F} = {677F3341-E139-476B-8589-FB4C642EEF44}
		{C0F4027E-B71A-448E-9950-A27E5CE6D55C} = {304A53A4-6012-44CB-8F31-1066B0749FF1}
		{6B3ADF23-F140-4A73-96F0-23F98F14F90F} = {304A53A4-6012-44CB-8F31-1066B0749FF1}
	EndGlobalSection
EndGlobal
